{
  "version": "4",
  "specifiers": {
    "jsr:@std/collections@^1.0.9": "1.0.10",
    "jsr:@std/fs@1.0.2": "1.0.2",
    "jsr:@std/path@^1.0.3": "1.0.8",
    "jsr:@std/toml@1.0.2": "1.0.2",
    "jsr:@tvortsa/setup-project@*": "0.0.1",
    "npm:deno@*": "2.1.10",
    "npm:deno@2.1.10": "2.1.10"
  },
  "jsr": {
    "@std/collections@1.0.10": {
      "integrity": "903af106a3d92970d74e20f7ebff77d9658af9bef4403f1dc42a7801c0575899"
    },
    "@std/fs@1.0.2": {
      "integrity": "af57555c7a224a6f147d5cced5404692974f7a628ced8eda67e0d22d92d474ec",
      "dependencies": [
        "jsr:@std/path"
      ]
    },
    "@std/path@1.0.8": {
      "integrity": "548fa456bb6a04d3c1a1e7477986b6cffbce95102d0bb447c67c4ee70e0364be"
    },
    "@std/toml@1.0.2": {
      "integrity": "5892ba489c5b512265a384238a8fe8dddbbb9498b4b210ef1b9f0336a423a39b",
      "dependencies": [
        "jsr:@std/collections"
      ]
    },
    "@tvortsa/setup-project@0.0.1": {
      "integrity": "9cb0f55313f9f3806697c2c32f78a6f9fda11f0f8f813aefa10cdf63dc7e690d",
      "dependencies": [
        "jsr:@std/toml"
      ]
    }
  },
  "npm": {
    "@deno/darwin-arm64@2.1.10": {
      "integrity": "sha512-95GihR+/abT2XYkbcsJ6qGL70JmbgCgiFQbLLfmbqymd7Z8RrT3YZHbASudV5EB1HlsMqq3hE180GsVUcBo+DQ=="
    },
    "@deno/darwin-x64@2.1.10": {
      "integrity": "sha512-PlhYzrXy8iCR/15GHEXjuwuD1dvDn92KH94okplORS87gteFWumY/BFlPRWhoptxOj4DQHJM5YtzkpQwBephAw=="
    },
    "@deno/linux-arm64-glibc@2.1.10": {
      "integrity": "sha512-DonVdhbhhZke/ue5KdBMJZKVNmM2L8kzMTUC1SBL8ad4BPMiX/AFzu7T7Y8L/HXZXClqZUjHSt8XCAW/MK3nTw=="
    },
    "@deno/linux-x64-glibc@2.1.10": {
      "integrity": "sha512-9wOjZZGO0ORX0hJVQRz58v9wpMA4EwPpCIDPwvsCLy3kacIH/ufESK5OsFsjTJqwkttdv33JY+LUJqvnMRHvKg=="
    },
    "@deno/win32-arm64@2.1.10": {
      "integrity": "sha512-m5VtWNKqVDcT71ohshqAk0snWtan3Bw8KURm1fI7DcWwHPiHtM8wiJrAKBiCYKn3fa0lnu25k1oJfiDpqhUf1A=="
    },
    "@deno/win32-x64@2.1.10": {
      "integrity": "sha512-DgP0TukTWzwj9W8BAPv/FLZR3DfUVujpR1z66VO1oVqeImqYZ8pb8sV9quB6LjN0iyTB8IlVkkdb6nMMEFTLQw=="
    },
    "deno@2.1.10": {
      "integrity": "sha512-QEKGXFx10f3zI5gBDaP6ojsepUY/jb0DVYLEGR1TVgsOSj5opxihBdv/kNSCql2Es/mcSG+PFiDOP/gWwSQxiQ==",
      "dependencies": [
        "@deno/darwin-arm64",
        "@deno/darwin-x64",
        "@deno/linux-arm64-glibc",
        "@deno/linux-x64-glibc",
        "@deno/win32-arm64",
        "@deno/win32-x64"
      ]
    }
  }
}
